
Microsoft Visual Studio Solution File, Format Version 12.00
# Visual Studio Version 17
VisualStudioVersion = 17.11.35312.102
MinimumVisualStudioVersion = 10.0.40219.1
Project("{2150E333-8FDC-42A3-9474-1A3956D46DE8}") = "src", "src", "{87F1E5A9-7C71-41CF-BDF3-3B937796A55F}"
EndProject
Project("{9A19103F-16F7-4668-BE54-9A1E7A4F7556}") = "Tsutskiridze.TradeBuddy.API", "Tsutskiridze.TradeBuddy.API\Tsutskiridze.TradeBuddy.API.csproj", "{595D7987-5BF3-4211-9079-AC13924D0A89}"
EndProject
Project("{9A19103F-16F7-4668-BE54-9A1E7A4F7556}") = "Tsutskiridze.TradeBuddy.Core", "Tsutskiridze.TradeBuddy.Core\Tsutskiridze.TradeBuddy.Core.csproj", "{533E6455-EE3B-4A91-89D4-5115FD91F161}"
EndProject
Project("{9A19103F-16F7-4668-BE54-9A1E7A4F7556}") = "Tsutskiridze.TradeBuddy.Application", "Tsutskiridze.TradeBuddy.Application\Tsutskiridze.TradeBuddy.Application.csproj", "{584AC4BD-96E9-466F-9AB9-C802A3D106F1}"
EndProject
Project("{9A19103F-16F7-4668-BE54-9A1E7A4F7556}") = "Tsutskiridze.TradeBuddy.Infrastructure", "Tsutskiridze.TradeBuddy.Infrastructure\Tsutskiridze.TradeBuddy.Infrastructure.csproj", "{2E78D673-D3E6-4577-A226-4D98F33C84C9}"
EndProject
Project("{2150E333-8FDC-42A3-9474-1A3956D46DE8}") = ".github", ".github", "{09E352FA-3354-4C8F-A7CD-9D75FCDB7F9E}"
EndProject
Project("{2150E333-8FDC-42A3-9474-1A3956D46DE8}") = "workflows", "workflows", "{5CB6233F-AA5E-4FD6-A956-8CF855D1F05A}"
	ProjectSection(SolutionItems) = preProject
		deploy.yml = deploy.yml
	EndProjectSection
EndProject
Global
	GlobalSection(SolutionConfigurationPlatforms) = preSolution
		Debug|Any CPU = Debug|Any CPU
		Release|Any CPU = Release|Any CPU
	EndGlobalSection
	GlobalSection(ProjectConfigurationPlatforms) = postSolution
		{595D7987-5BF3-4211-9079-AC13924D0A89}.Debug|Any CPU.ActiveCfg = Debug|Any CPU
		{595D7987-5BF3-4211-9079-AC13924D0A89}.Debug|Any CPU.Build.0 = Debug|Any CPU
		{595D7987-5BF3-4211-9079-AC13924D0A89}.Release|Any CPU.ActiveCfg = Release|Any CPU
		{595D7987-5BF3-4211-9079-AC13924D0A89}.Release|Any CPU.Build.0 = Release|Any CPU
		{533E6455-EE3B-4A91-89D4-5115FD91F161}.Debug|Any CPU.ActiveCfg = Debug|Any CPU
		{533E6455-EE3B-4A91-89D4-5115FD91F161}.Debug|Any CPU.Build.0 = Debug|Any CPU
		{533E6455-EE3B-4A91-89D4-5115FD91F161}.Release|Any CPU.ActiveCfg = Release|Any CPU
		{533E6455-EE3B-4A91-89D4-5115FD91F161}.Release|Any CPU.Build.0 = Release|Any CPU
		{584AC4BD-96E9-466F-9AB9-C802A3D106F1}.Debug|Any CPU.ActiveCfg = Debug|Any CPU
		{584AC4BD-96E9-466F-9AB9-C802A3D106F1}.Debug|Any CPU.Build.0 = Debug|Any CPU
		{584AC4BD-96E9-466F-9AB9-C802A3D106F1}.Release|Any CPU.ActiveCfg = Release|Any CPU
		{584AC4BD-96E9-466F-9AB9-C802A3D106F1}.Release|Any CPU.Build.0 = Release|Any CPU
		{2E78D673-D3E6-4577-A226-4D98F33C84C9}.Debug|Any CPU.ActiveCfg = Debug|Any CPU
		{2E78D673-D3E6-4577-A226-4D98F33C84C9}.Debug|Any CPU.Build.0 = Debug|Any CPU
		{2E78D673-D3E6-4577-A226-4D98F33C84C9}.Release|Any CPU.ActiveCfg = Release|Any CPU
		{2E78D673-D3E6-4577-A226-4D98F33C84C9}.Release|Any CPU.Build.0 = Release|Any CPU
	EndGlobalSection
	GlobalSection(SolutionProperties) = preSolution
		HideSolutionNode = FALSE
	EndGlobalSection
	GlobalSection(NestedProjects) = preSolution
		{595D7987-5BF3-4211-9079-AC13924D0A89} = {87F1E5A9-7C71-41CF-BDF3-3B937796A55F}
		{533E6455-EE3B-4A91-89D4-5115FD91F161} = {87F1E5A9-7C71-41CF-BDF3-3B937796A55F}
		{584AC4BD-96E9-466F-9AB9-C802A3D106F1} = {87F1E5A9-7C71-41CF-BDF3-3B937796A55F}
		{2E78D673-D3E6-4577-A226-4D98F33C84C9} = {87F1E5A9-7C71-41CF-BDF3-3B937796A55F}
		{5CB6233F-AA5E-4FD6-A956-8CF855D1F05A} = {09E352FA-3354-4C8F-A7CD-9D75FCDB7F9E}
	EndGlobalSection
	GlobalSection(ExtensibilityGlobals) = postSolution
		SolutionGuid = {A884330B-E68F-474E-AE39-7581AEDFAC6C}
	EndGlobalSection
EndGlobal
